
Microsoft Visual Studio Solution File, Format Version 12.00
# Visual Studio Version 17
VisualStudioVersion = 17.14.37111.16 d17.14
MinimumVisualStudioVersion = 10.0.40219.1
Project("{F2A71F9B-5D33-465A-A702-920D77279786}") = "Lab2.2F#", "Lab2.2F#.fsproj", "{2482352B-9F7B-4B75-AF21-B036A5F6A1D2}"
EndProject
Global
	GlobalSection(SolutionConfigurationPlatforms) = preSolution
		Debug|Any CPU = Debug|Any CPU
		Release|Any CPU = Release|Any CPU
	EndGlobalSection
	GlobalSection(ProjectConfigurationPlatforms) = postSolution
		{2482352B-9F7B-4B75-AF21-B036A5F6A1D2}.Debug|Any CPU.ActiveCfg = Debug|Any CPU
		{2482352B-9F7B-4B75-AF21-B036A5F6A1D2}.Debug|Any CPU.Build.0 = Debug|Any CPU
		{2482352B-9F7B-4B75-AF21-B036A5F6A1D2}.Release|Any CPU.ActiveCfg = Release|Any CPU
		{2482352B-9F7B-4B75-AF21-B036A5F6A1D2}.Release|Any CPU.Build.0 = Release|Any CPU
	EndGlobalSection
	GlobalSection(SolutionProperties) = preSolution
		HideSolutionNode = FALSE
	EndGlobalSection
	GlobalSection(ExtensibilityGlobals) = postSolution
		SolutionGuid = {8B8AEA77-6446-447A-9EC3-941AE037611B}
	EndGlobalSection
EndGlobal
